
Microsoft Visual Studio Solution File, Format Version 12.00
# Visual Studio Version 17
VisualStudioVersion = 17.5.33530.505
MinimumVisualStudioVersion = 10.0.40219.1
Project("{FAE04EC0-301F-11D3-BF4B-00C04F79EFBC}") = "Case2", "Case2\Case2.csproj", "{4066CBF4-2FF1-4D8D-B636-17C26CA61915}"
EndProject
Global
	GlobalSection(SolutionConfigurationPlatforms) = preSolution
		Debug|Any CPU = Debug|Any CPU
		Release|Any CPU = Release|Any CPU
	EndGlobalSection
	GlobalSection(ProjectConfigurationPlatforms) = postSolution
		{4066CBF4-2FF1-4D8D-B636-17C26CA61915}.Debug|Any CPU.ActiveCfg = Debug|Any CPU
		{4066CBF4-2FF1-4D8D-B636-17C26CA61915}.Debug|Any CPU.Build.0 = Debug|Any CPU
		{4066CBF4-2FF1-4D8D-B636-17C26CA61915}.Release|Any CPU.ActiveCfg = Release|Any CPU
		{4066CBF4-2FF1-4D8D-B636-17C26CA61915}.Release|Any CPU.Build.0 = Release|Any CPU
	EndGlobalSection
	GlobalSection(SolutionProperties) = preSolution
		HideSolutionNode = FALSE
	EndGlobalSection
	GlobalSection(ExtensibilityGlobals) = postSolution
		SolutionGuid = {47FFD326-F99B-4B3F-A82E-A9679330094A}
	EndGlobalSection
EndGlobal
